
Microsoft Visual Studio Solution File, Format Version 12.00
# Visual Studio Version 17
VisualStudioVersion = 17.12.35514.174
MinimumVisualStudioVersion = 10.0.40219.1
Project("{2150E333-8FDC-42A3-9474-1A3956D46DE8}") = "core", "core", "{8E710313-8B49-4752-9682-E4BDF6D3D739}"
EndProject
Project("{2150E333-8FDC-42A3-9474-1A3956D46DE8}") = "persistence", "persistence", "{DBE0E216-9488-476F-B9C8-CCD98EDF4BC8}"
EndProject
Project("{2150E333-8FDC-42A3-9474-1A3956D46DE8}") = "tests", "tests", "{50B8F7C1-5F8A-4FF7-A322-080F29306CAB}"
EndProject
Project("{2150E333-8FDC-42A3-9474-1A3956D46DE8}") = "web", "web", "{FF6CA1F5-85D8-4C1B-BC3E-79B5D0200197}"
EndProject
Project("{FAE04EC0-301F-11D3-BF4B-00C04F79EFBC}") = "AcademicPerformance.Entities", "src\AcademicPerformance.Entities\AcademicPerformance.Entities.csproj", "{C7862499-6D5F-416F-BF2A-7BBE8187E5B5}"
EndProject
Project("{FAE04EC0-301F-11D3-BF4B-00C04F79EFBC}") = "AcademicPerformance.WebApp", "src\AcademicPerformance.WebApp\AcademicPerformance.WebApp.csproj", "{2A2B3456-B181-4B14-9A98-DE19758A4B2E}"
EndProject
Project("{FAE04EC0-301F-11D3-BF4B-00C04F79EFBC}") = "AcademicPerformance.DAL", "src\AcademicPerformance.DAL\AcademicPerformance.DAL.csproj", "{C914D9DD-9321-48A0-8C8D-AF58F34945B5}"
EndProject
Project("{FAE04EC0-301F-11D3-BF4B-00C04F79EFBC}") = "AcademicPerformance.DTO", "src\AcademicPerformance.DTO\AcademicPerformance.DTO.csproj", "{BB4C755F-A1DE-4933-851C-CFB9F08F7D03}"
EndProject
Project("{FAE04EC0-301F-11D3-BF4B-00C04F79EFBC}") = "AcademicPerformance.Services", "src\AcademicPerformance.Services\AcademicPerformance.Services.csproj", "{9C400F07-A048-4C24-9E11-A2FFFF464007}"
EndProject
Project("{FAE04EC0-301F-11D3-BF4B-00C04F79EFBC}") = "AcademicPerformance.Contracts", "src\AcademicPerformance.Contracts\AcademicPerformance.Contracts.csproj", "{37A1A92A-C2F0-42A2-919F-858AF4A80A57}"
EndProject
Project("{2150E333-8FDC-42A3-9474-1A3956D46DE8}") = "services", "services", "{F73DAA57-8289-4B79-87DE-6FA3D5D372A8}"
EndProject
Global
	GlobalSection(SolutionConfigurationPlatforms) = preSolution
		Debug|Any CPU = Debug|Any CPU
		Release|Any CPU = Release|Any CPU
	EndGlobalSection
	GlobalSection(ProjectConfigurationPlatforms) = postSolution
		{C7862499-6D5F-416F-BF2A-7BBE8187E5B5}.Debug|Any CPU.ActiveCfg = Debug|Any CPU
		{C7862499-6D5F-416F-BF2A-7BBE8187E5B5}.Debug|Any CPU.Build.0 = Debug|Any CPU
		{C7862499-6D5F-416F-BF2A-7BBE8187E5B5}.Release|Any CPU.ActiveCfg = Release|Any CPU
		{C7862499-6D5F-416F-BF2A-7BBE8187E5B5}.Release|Any CPU.Build.0 = Release|Any CPU
		{2A2B3456-B181-4B14-9A98-DE19758A4B2E}.Debug|Any CPU.ActiveCfg = Debug|Any CPU
		{2A2B3456-B181-4B14-9A98-DE19758A4B2E}.Debug|Any CPU.Build.0 = Debug|Any CPU
		{2A2B3456-B181-4B14-9A98-DE19758A4B2E}.Release|Any CPU.ActiveCfg = Release|Any CPU
		{2A2B3456-B181-4B14-9A98-DE19758A4B2E}.Release|Any CPU.Build.0 = Release|Any CPU
		{C914D9DD-9321-48A0-8C8D-AF58F34945B5}.Debug|Any CPU.ActiveCfg = Debug|Any CPU
		{C914D9DD-9321-48A0-8C8D-AF58F34945B5}.Debug|Any CPU.Build.0 = Debug|Any CPU
		{C914D9DD-9321-48A0-8C8D-AF58F34945B5}.Release|Any CPU.ActiveCfg = Release|Any CPU
		{C914D9DD-9321-48A0-8C8D-AF58F34945B5}.Release|Any CPU.Build.0 = Release|Any CPU
		{BB4C755F-A1DE-4933-851C-CFB9F08F7D03}.Debug|Any CPU.ActiveCfg = Debug|Any CPU
		{BB4C755F-A1DE-4933-851C-CFB9F08F7D03}.Debug|Any CPU.Build.0 = Debug|Any CPU
		{BB4C755F-A1DE-4933-851C-CFB9F08F7D03}.Release|Any CPU.ActiveCfg = Release|Any CPU
		{BB4C755F-A1DE-4933-851C-CFB9F08F7D03}.Release|Any CPU.Build.0 = Release|Any CPU
		{9C400F07-A048-4C24-9E11-A2FFFF464007}.Debug|Any CPU.ActiveCfg = Debug|Any CPU
		{9C400F07-A048-4C24-9E11-A2FFFF464007}.Debug|Any CPU.Build.0 = Debug|Any CPU
		{9C400F07-A048-4C24-9E11-A2FFFF464007}.Release|Any CPU.ActiveCfg = Release|Any CPU
		{9C400F07-A048-4C24-9E11-A2FFFF464007}.Release|Any CPU.Build.0 = Release|Any CPU
		{37A1A92A-C2F0-42A2-919F-858AF4A80A57}.Debug|Any CPU.ActiveCfg = Debug|Any CPU
		{37A1A92A-C2F0-42A2-919F-858AF4A80A57}.Debug|Any CPU.Build.0 = Debug|Any CPU
		{37A1A92A-C2F0-42A2-919F-858AF4A80A57}.Release|Any CPU.ActiveCfg = Release|Any CPU
		{37A1A92A-C2F0-42A2-919F-858AF4A80A57}.Release|Any CPU.Build.0 = Release|Any CPU
	EndGlobalSection
	GlobalSection(SolutionProperties) = preSolution
		HideSolutionNode = FALSE
	EndGlobalSection
	GlobalSection(NestedProjects) = preSolution
		{C7862499-6D5F-416F-BF2A-7BBE8187E5B5} = {8E710313-8B49-4752-9682-E4BDF6D3D739}
		{2A2B3456-B181-4B14-9A98-DE19758A4B2E} = {FF6CA1F5-85D8-4C1B-BC3E-79B5D0200197}
		{C914D9DD-9321-48A0-8C8D-AF58F34945B5} = {DBE0E216-9488-476F-B9C8-CCD98EDF4BC8}
		{BB4C755F-A1DE-4933-851C-CFB9F08F7D03} = {8E710313-8B49-4752-9682-E4BDF6D3D739}
		{9C400F07-A048-4C24-9E11-A2FFFF464007} = {F73DAA57-8289-4B79-87DE-6FA3D5D372A8}
		{37A1A92A-C2F0-42A2-919F-858AF4A80A57} = {8E710313-8B49-4752-9682-E4BDF6D3D739}
	EndGlobalSection
EndGlobal
